
Microsoft Visual Studio Solution File, Format Version 12.00
# Visual Studio Version 17
VisualStudioVersion = 17.0.31912.275
MinimumVisualStudioVersion = 10.0.40219.1
Project("{9A19103F-16F7-4668-BE54-9A1E7A4F7556}") = "Altinn.AccessManagement", "src\Altinn.AccessManagement\Altinn.AccessManagement.csproj", "{461307C1-8D2B-4D90-AE2D-FC895BA1940B}"
EndProject
Project("{9A19103F-16F7-4668-BE54-9A1E7A4F7556}") = "Altinn.AccessManagement.Core", "src\Altinn.AccessManagement.Core\Altinn.AccessManagement.Core.csproj", "{9D059588-4085-4AEC-8F0A-25CE74BD554B}"
EndProject
Project("{9A19103F-16F7-4668-BE54-9A1E7A4F7556}") = "Altinn.AccessManagement.Tests", "test\Altinn.AccessManagement.Tests\Altinn.AccessManagement.Tests.csproj", "{240CA575-3BAA-4E8E-93CD-A9A40502B772}"
EndProject
Project("{9A19103F-16F7-4668-BE54-9A1E7A4F7556}") = "Altinn.AccessManagement.Integration", "src\Altinn.AccessManagement.Integration\Altinn.AccessManagement.Integration.csproj", "{4144EF72-F38D-4A2D-876D-77CCBFF28C05}"
EndProject
Project("{9A19103F-16F7-4668-BE54-9A1E7A4F7556}") = "Altinn.AccessManagement.Persistence", "src\Altinn.AccessManagement.Persistence\Altinn.AccessManagement.Persistence.csproj", "{BC6EE9E4-0C4B-4A2E-95D6-754CC0683863}"
EndProject
Global
	GlobalSection(SolutionConfigurationPlatforms) = preSolution
		Debug|Any CPU = Debug|Any CPU
		Release|Any CPU = Release|Any CPU
	EndGlobalSection
	GlobalSection(ProjectConfigurationPlatforms) = postSolution
		{461307C1-8D2B-4D90-AE2D-FC895BA1940B}.Debug|Any CPU.ActiveCfg = Debug|Any CPU
		{461307C1-8D2B-4D90-AE2D-FC895BA1940B}.Debug|Any CPU.Build.0 = Debug|Any CPU
		{461307C1-8D2B-4D90-AE2D-FC895BA1940B}.Release|Any CPU.ActiveCfg = Release|Any CPU
		{461307C1-8D2B-4D90-AE2D-FC895BA1940B}.Release|Any CPU.Build.0 = Release|Any CPU
		{9D059588-4085-4AEC-8F0A-25CE74BD554B}.Debug|Any CPU.ActiveCfg = Debug|Any CPU
		{9D059588-4085-4AEC-8F0A-25CE74BD554B}.Debug|Any CPU.Build.0 = Debug|Any CPU
		{9D059588-4085-4AEC-8F0A-25CE74BD554B}.Release|Any CPU.ActiveCfg = Release|Any CPU
		{9D059588-4085-4AEC-8F0A-25CE74BD554B}.Release|Any CPU.Build.0 = Release|Any CPU
		{240CA575-3BAA-4E8E-93CD-A9A40502B772}.Debug|Any CPU.ActiveCfg = Debug|Any CPU
		{240CA575-3BAA-4E8E-93CD-A9A40502B772}.Debug|Any CPU.Build.0 = Debug|Any CPU
		{240CA575-3BAA-4E8E-93CD-A9A40502B772}.Release|Any CPU.ActiveCfg = Release|Any CPU
		{240CA575-3BAA-4E8E-93CD-A9A40502B772}.Release|Any CPU.Build.0 = Release|Any CPU
		{4144EF72-F38D-4A2D-876D-77CCBFF28C05}.Debug|Any CPU.ActiveCfg = Debug|Any CPU
		{4144EF72-F38D-4A2D-876D-77CCBFF28C05}.Debug|Any CPU.Build.0 = Debug|Any CPU
		{4144EF72-F38D-4A2D-876D-77CCBFF28C05}.Release|Any CPU.ActiveCfg = Release|Any CPU
		{4144EF72-F38D-4A2D-876D-77CCBFF28C05}.Release|Any CPU.Build.0 = Release|Any CPU
		{BC6EE9E4-0C4B-4A2E-95D6-754CC0683863}.Debug|Any CPU.ActiveCfg = Debug|Any CPU
		{BC6EE9E4-0C4B-4A2E-95D6-754CC0683863}.Debug|Any CPU.Build.0 = Debug|Any CPU
		{BC6EE9E4-0C4B-4A2E-95D6-754CC0683863}.Release|Any CPU.ActiveCfg = Release|Any CPU
		{BC6EE9E4-0C4B-4A2E-95D6-754CC0683863}.Release|Any CPU.Build.0 = Release|Any CPU
	EndGlobalSection
	GlobalSection(SolutionProperties) = preSolution
		HideSolutionNode = FALSE
	EndGlobalSection
	GlobalSection(ExtensibilityGlobals) = postSolution
		SolutionGuid = {1B21404E-E4A6-4F99-AE2D-AF106E1BA0C7}
	EndGlobalSection
EndGlobal
