# This file is generated by running "yarn install" inside your project.
# Manual changes might be lost - proceed with caution!

__metadata:
  version: 8
  cacheKey: 10c0

"@aashutoshrathi/word-wrap@npm:^1.2.3":
  version: 1.2.6
  resolution: "@aashutoshrathi/word-wrap@npm:1.2.6"
  checksum: 8/ada901b9e7c680d190f1d012c84217ce0063d8f5c5a7725bb91ec3c5ed99bb7572680eb2d2938a531ccbaec39a95422fcd8a6b4a13110c7d98dd75402f66a0cd
  languageName: node
  linkType: hard

"@ampproject/remapping@npm:^2.2.0":
  version: 2.2.0
  resolution: "@ampproject/remapping@npm:2.2.0"
  dependencies:
    "@jridgewell/gen-mapping": "npm:^0.1.0"
    "@jridgewell/trace-mapping": "npm:^0.3.9"
  checksum: 8/d74d170d06468913921d72430259424b7e4c826b5a7d39ff839a29d547efb97dc577caa8ba3fb5cf023624e9af9d09651afc3d4112a45e2050328abc9b3a2292
  languageName: node
  linkType: hard

"@babel/code-frame@npm:^7.25.9, @babel/code-frame@npm:^7.26.0":
  version: 7.26.2
  resolution: "@babel/code-frame@npm:7.26.2"
  dependencies:
    "@babel/helper-validator-identifier": "npm:^7.25.9"
    js-tokens: "npm:^4.0.0"
    picocolors: "npm:^1.0.0"
  checksum: 10c0/7d79621a6849183c415486af99b1a20b84737e8c11cd55b6544f688c51ce1fd710e6d869c3dd21232023da272a79b91efb3e83b5bc2dc65c1187c5fcd1b72ea8
  languageName: node
  linkType: hard

"@babel/compat-data@npm:^7.25.9":
  version: 7.26.2
  resolution: "@babel/compat-data@npm:7.26.2"
  checksum: 10c0/c9b5f3724828d17f728a778f9d66c19b55c018d0d76de6d731178cca64f182c22b71400a73bf2b65dcc4fcfe52b630088a94d5902911b54206aa90e3ffe07d12
  languageName: node
  linkType: hard

"@babel/core@npm:7.26.0":
  version: 7.26.0
  resolution: "@babel/core@npm:7.26.0"
  dependencies:
    "@ampproject/remapping": "npm:^2.2.0"
    "@babel/code-frame": "npm:^7.26.0"
    "@babel/generator": "npm:^7.26.0"
    "@babel/helper-compilation-targets": "npm:^7.25.9"
    "@babel/helper-module-transforms": "npm:^7.26.0"
    "@babel/helpers": "npm:^7.26.0"
    "@babel/parser": "npm:^7.26.0"
    "@babel/template": "npm:^7.25.9"
    "@babel/traverse": "npm:^7.25.9"
    "@babel/types": "npm:^7.26.0"
    convert-source-map: "npm:^2.0.0"
    debug: "npm:^4.1.0"
    gensync: "npm:^1.0.0-beta.2"
    json5: "npm:^2.2.3"
    semver: "npm:^6.3.1"
  checksum: 10c0/91de73a7ff5c4049fbc747930aa039300e4d2670c2a91f5aa622f1b4868600fc89b01b6278385fbcd46f9574186fa3d9b376a9e7538e50f8d118ec13cfbcb63e
  languageName: node
  linkType: hard

"@babel/eslint-parser@npm:7.25.9":
  version: 7.25.9
  resolution: "@babel/eslint-parser@npm:7.25.9"
  dependencies:
    "@nicolo-ribaudo/eslint-scope-5-internals": "npm:5.1.1-v1"
    eslint-visitor-keys: "npm:^2.1.0"
    semver: "npm:^6.3.1"
  peerDependencies:
    "@babel/core": ^7.11.0
    eslint: ^7.5.0 || ^8.0.0 || ^9.0.0
  checksum: 10c0/7dc525da9a076906aff562f82373765785732edf306e2be6497e347ed73be80d3544f2f845a77c2376bfa1c7c8c3580ea7346b12b78d8ddf4365c44fe9c35c4b
  languageName: node
  linkType: hard

"@babel/generator@npm:^7.25.9, @babel/generator@npm:^7.26.0":
  version: 7.26.2
  resolution: "@babel/generator@npm:7.26.2"
  dependencies:
    "@babel/parser": "npm:^7.26.2"
    "@babel/types": "npm:^7.26.0"
    "@jridgewell/gen-mapping": "npm:^0.3.5"
    "@jridgewell/trace-mapping": "npm:^0.3.25"
    jsesc: "npm:^3.0.2"
  checksum: 10c0/167ebce8977142f5012fad6bd91da51ac52bcd752f2261a54b7ab605d928aebe57e21636cdd2a9c7757e552652c68d9fcb5d40b06fcb66e02d9ee7526e118a5c
  languageName: node
  linkType: hard

"@babel/helper-compilation-targets@npm:^7.25.9":
  version: 7.25.9
  resolution: "@babel/helper-compilation-targets@npm:7.25.9"
  dependencies:
    "@babel/compat-data": "npm:^7.25.9"
    "@babel/helper-validator-option": "npm:^7.25.9"
    browserslist: "npm:^4.24.0"
    lru-cache: "npm:^5.1.1"
    semver: "npm:^6.3.1"
  checksum: 10c0/a6b26a1e4222e69ef8e62ee19374308f060b007828bc11c65025ecc9e814aba21ff2175d6d3f8bf53c863edd728ee8f94ba7870f8f90a37d39552ad9933a8aaa
  languageName: node
  linkType: hard

"@babel/helper-module-imports@npm:^7.25.9":
  version: 7.25.9
  resolution: "@babel/helper-module-imports@npm:7.25.9"
  dependencies:
    "@babel/traverse": "npm:^7.25.9"
    "@babel/types": "npm:^7.25.9"
  checksum: 10c0/078d3c2b45d1f97ffe6bb47f61961be4785d2342a4156d8b42c92ee4e1b7b9e365655dd6cb25329e8fe1a675c91eeac7e3d04f0c518b67e417e29d6e27b6aa70
  languageName: node
  linkType: hard

"@babel/helper-module-transforms@npm:^7.26.0":
  version: 7.26.0
  resolution: "@babel/helper-module-transforms@npm:7.26.0"
  dependencies:
    "@babel/helper-module-imports": "npm:^7.25.9"
    "@babel/helper-validator-identifier": "npm:^7.25.9"
    "@babel/traverse": "npm:^7.25.9"
  peerDependencies:
    "@babel/core": ^7.0.0
  checksum: 10c0/ee111b68a5933481d76633dad9cdab30c41df4479f0e5e1cc4756dc9447c1afd2c9473b5ba006362e35b17f4ebddd5fca090233bef8dfc84dca9d9127e56ec3a
  languageName: node
  linkType: hard

"@babel/helper-string-parser@npm:^7.25.9":
  version: 7.25.9
  resolution: "@babel/helper-string-parser@npm:7.25.9"
  checksum: 10c0/7244b45d8e65f6b4338a6a68a8556f2cb161b782343e97281a5f2b9b93e420cad0d9f5773a59d79f61d0c448913d06f6a2358a87f2e203cf112e3c5b53522ee6
  languageName: node
  linkType: hard

"@babel/helper-validator-identifier@npm:^7.25.9":
  version: 7.25.9
  resolution: "@babel/helper-validator-identifier@npm:7.25.9"
  checksum: 10c0/4fc6f830177b7b7e887ad3277ddb3b91d81e6c4a24151540d9d1023e8dc6b1c0505f0f0628ae653601eb4388a8db45c1c14b2c07a9173837aef7e4116456259d
  languageName: node
  linkType: hard

"@babel/helper-validator-option@npm:^7.25.9":
  version: 7.25.9
  resolution: "@babel/helper-validator-option@npm:7.25.9"
  checksum: 10c0/27fb195d14c7dcb07f14e58fe77c44eea19a6a40a74472ec05c441478fa0bb49fa1c32b2d64be7a38870ee48ef6601bdebe98d512f0253aea0b39756c4014f3e
  languageName: node
  linkType: hard

"@babel/helpers@npm:^7.26.0":
  version: 7.26.0
  resolution: "@babel/helpers@npm:7.26.0"
  dependencies:
    "@babel/template": "npm:^7.25.9"
    "@babel/types": "npm:^7.26.0"
  checksum: 10c0/343333cced6946fe46617690a1d0789346960910225ce359021a88a60a65bc0d791f0c5d240c0ed46cf8cc63b5fd7df52734ff14e43b9c32feae2b61b1647097
  languageName: node
  linkType: hard

"@babel/parser@npm:^7.25.9, @babel/parser@npm:^7.26.0, @babel/parser@npm:^7.26.2":
  version: 7.26.2
  resolution: "@babel/parser@npm:7.26.2"
  dependencies:
    "@babel/types": "npm:^7.26.0"
  bin:
    parser: ./bin/babel-parser.js
  checksum: 10c0/751a743087b3a9172a7599f1421830d44c38f065ef781588d2bfb1c98f9b461719a226feb13c868d7a284783eee120c88ea522593118f2668f46ebfb1105c4d7
  languageName: node
  linkType: hard

"@babel/template@npm:^7.25.9":
  version: 7.25.9
  resolution: "@babel/template@npm:7.25.9"
  dependencies:
    "@babel/code-frame": "npm:^7.25.9"
    "@babel/parser": "npm:^7.25.9"
    "@babel/types": "npm:^7.25.9"
  checksum: 10c0/ebe677273f96a36c92cc15b7aa7b11cc8bc8a3bb7a01d55b2125baca8f19cae94ff3ce15f1b1880fb8437f3a690d9f89d4e91f16fc1dc4d3eb66226d128983ab
  languageName: node
  linkType: hard

"@babel/traverse@npm:^7.25.9":
  version: 7.25.9
  resolution: "@babel/traverse@npm:7.25.9"
  dependencies:
    "@babel/code-frame": "npm:^7.25.9"
    "@babel/generator": "npm:^7.25.9"
    "@babel/parser": "npm:^7.25.9"
    "@babel/template": "npm:^7.25.9"
    "@babel/types": "npm:^7.25.9"
    debug: "npm:^4.3.1"
    globals: "npm:^11.1.0"
  checksum: 10c0/e90be586a714da4adb80e6cb6a3c5cfcaa9b28148abdafb065e34cc109676fc3db22cf98cd2b2fff66ffb9b50c0ef882cab0f466b6844be0f6c637b82719bba1
  languageName: node
  linkType: hard

"@babel/types@npm:^7.25.9, @babel/types@npm:^7.26.0":
  version: 7.26.0
  resolution: "@babel/types@npm:7.26.0"
  dependencies:
    "@babel/helper-string-parser": "npm:^7.25.9"
    "@babel/helper-validator-identifier": "npm:^7.25.9"
  checksum: 10c0/b694f41ad1597127e16024d766c33a641508aad037abd08d0d1f73af753e1119fa03b4a107d04b5f92cc19c095a594660547ae9bead1db2299212d644b0a5cb8
  languageName: node
  linkType: hard

"@eslint-community/eslint-utils@npm:^4.2.0":
  version: 4.3.0
  resolution: "@eslint-community/eslint-utils@npm:4.3.0"
  dependencies:
    eslint-visitor-keys: "npm:^3.3.0"
  peerDependencies:
    eslint: ^6.0.0 || ^7.0.0 || >=8.0.0
  checksum: 8/f487760a692f0f1fef76e248ad72976919576ba57edc2b1b1dc1d182553bae6b5bf7b078e654da85d04f0af8a485d20bd26280002768f4fbcd2e330078340cb0
  languageName: node
  linkType: hard

"@eslint-community/regexpp@npm:^4.12.1":
  version: 4.12.1
  resolution: "@eslint-community/regexpp@npm:4.12.1"
  checksum: 10c0/a03d98c246bcb9109aec2c08e4d10c8d010256538dcb3f56610191607214523d4fb1b00aa81df830b6dffb74c5fa0be03642513a289c567949d3e550ca11cdf6
  languageName: node
  linkType: hard

"@eslint/config-array@npm:^0.19.0":
  version: 0.19.1
  resolution: "@eslint/config-array@npm:0.19.1"
  dependencies:
    "@eslint/object-schema": "npm:^2.1.5"
    debug: "npm:^4.3.1"
    minimatch: "npm:^3.1.2"
  checksum: 10c0/43b01f596ddad404473beae5cf95c013d29301c72778d0f5bf8a6699939c8a9a5663dbd723b53c5f476b88b0c694f76ea145d1aa9652230d140fe1161e4a4b49
  languageName: node
  linkType: hard

"@eslint/core@npm:^0.9.0":
  version: 0.9.1
  resolution: "@eslint/core@npm:0.9.1"
  dependencies:
    "@types/json-schema": "npm:^7.0.15"
  checksum: 10c0/638104b1b5833a9bbf2329f0c0ddf322e4d6c0410b149477e02cd2b78c04722be90c14b91b8ccdef0d63a2404dff72a17b6b412ce489ea429ae6a8fcb8abff28
  languageName: node
  linkType: hard

"@eslint/eslintrc@npm:^3.2.0":
  version: 3.2.0
  resolution: "@eslint/eslintrc@npm:3.2.0"
  dependencies:
    ajv: "npm:^6.12.4"
    debug: "npm:^4.3.2"
    espree: "npm:^10.0.1"
    globals: "npm:^14.0.0"
    ignore: "npm:^5.2.0"
    import-fresh: "npm:^3.2.1"
    js-yaml: "npm:^4.1.0"
    minimatch: "npm:^3.1.2"
    strip-json-comments: "npm:^3.1.1"
  checksum: 10c0/43867a07ff9884d895d9855edba41acf325ef7664a8df41d957135a81a477ff4df4196f5f74dc3382627e5cc8b7ad6b815c2cea1b58f04a75aced7c43414ab8b
  languageName: node
  linkType: hard

"@eslint/js@npm:9.16.0":
  version: 9.16.0
  resolution: "@eslint/js@npm:9.16.0"
  checksum: 10c0/a55846a4ddade720662d36682f3eaaf38eac06eeee12c83bb837bba2b7d550dadcb3445b104219f0bc1da2e09b4fe5fb5ba123b8338c8c787bcfbd540878df75
  languageName: node
  linkType: hard

"@eslint/object-schema@npm:^2.1.5":
  version: 2.1.5
  resolution: "@eslint/object-schema@npm:2.1.5"
  checksum: 10c0/5320691ed41ecd09a55aff40ce8e56596b4eb81f3d4d6fe530c50fdd6552d88102d1c1a29d970ae798ce30849752a708772de38ded07a6f25b3da32ebea081d8
  languageName: node
  linkType: hard

"@eslint/plugin-kit@npm:^0.2.3":
  version: 0.2.4
  resolution: "@eslint/plugin-kit@npm:0.2.4"
  dependencies:
    levn: "npm:^0.4.1"
  checksum: 10c0/1bcfc0a30b1df891047c1d8b3707833bded12a057ba01757a2a8591fdc8d8fe0dbb8d51d4b0b61b2af4ca1d363057abd7d2fb4799f1706b105734f4d3fa0dbf1
  languageName: node
  linkType: hard

"@humanfs/core@npm:^0.19.1":
  version: 0.19.1
  resolution: "@humanfs/core@npm:0.19.1"
  checksum: 10c0/aa4e0152171c07879b458d0e8a704b8c3a89a8c0541726c6b65b81e84fd8b7564b5d6c633feadc6598307d34564bd53294b533491424e8e313d7ab6c7bc5dc67
  languageName: node
  linkType: hard

"@humanfs/node@npm:^0.16.6":
  version: 0.16.6
  resolution: "@humanfs/node@npm:0.16.6"
  dependencies:
    "@humanfs/core": "npm:^0.19.1"
    "@humanwhocodes/retry": "npm:^0.3.0"
  checksum: 10c0/8356359c9f60108ec204cbd249ecd0356667359b2524886b357617c4a7c3b6aace0fd5a369f63747b926a762a88f8a25bc066fa1778508d110195ce7686243e1
  languageName: node
  linkType: hard

"@humanwhocodes/module-importer@npm:^1.0.1":
  version: 1.0.1
  resolution: "@humanwhocodes/module-importer@npm:1.0.1"
  checksum: 8/0fd22007db8034a2cdf2c764b140d37d9020bbfce8a49d3ec5c05290e77d4b0263b1b972b752df8c89e5eaa94073408f2b7d977aed131faf6cf396ebb5d7fb61
  languageName: node
  linkType: hard

"@humanwhocodes/retry@npm:^0.3.0":
  version: 0.3.0
  resolution: "@humanwhocodes/retry@npm:0.3.0"
  checksum: 10c0/7111ec4e098b1a428459b4e3be5a5d2a13b02905f805a2468f4fa628d072f0de2da26a27d04f65ea2846f73ba51f4204661709f05bfccff645e3cedef8781bb6
  languageName: node
  linkType: hard

"@humanwhocodes/retry@npm:^0.4.1":
  version: 0.4.1
  resolution: "@humanwhocodes/retry@npm:0.4.1"
  checksum: 10c0/be7bb6841c4c01d0b767d9bb1ec1c9359ee61421ce8ba66c249d035c5acdfd080f32d55a5c9e859cdd7868788b8935774f65b2caf24ec0b7bd7bf333791f063b
  languageName: node
  linkType: hard

"@jridgewell/gen-mapping@npm:^0.1.0":
  version: 0.1.1
  resolution: "@jridgewell/gen-mapping@npm:0.1.1"
  dependencies:
    "@jridgewell/set-array": "npm:^1.0.0"
    "@jridgewell/sourcemap-codec": "npm:^1.4.10"
  checksum: 8/3bcc21fe786de6ffbf35c399a174faab05eb23ce6a03e8769569de28abbf4facc2db36a9ddb0150545ae23a8d35a7cf7237b2aa9e9356a7c626fb4698287d5cc
  languageName: node
  linkType: hard

"@jridgewell/gen-mapping@npm:^0.3.5":
  version: 0.3.5
  resolution: "@jridgewell/gen-mapping@npm:0.3.5"
  dependencies:
    "@jridgewell/set-array": "npm:^1.2.1"
    "@jridgewell/sourcemap-codec": "npm:^1.4.10"
    "@jridgewell/trace-mapping": "npm:^0.3.24"
  checksum: 10c0/1be4fd4a6b0f41337c4f5fdf4afc3bd19e39c3691924817108b82ffcb9c9e609c273f936932b9fba4b3a298ce2eb06d9bff4eb1cc3bd81c4f4ee1b4917e25feb
  languageName: node
  linkType: hard

"@jridgewell/resolve-uri@npm:^3.0.3":
  version: 3.0.4
  resolution: "@jridgewell/resolve-uri@npm:3.0.4"
  checksum: 8/799bcba2730280a42f11b4d41a5d34d68ce72cb1bd23186bd3356607c93b62765b2b050e5dfb67f04ce4e817f882bfc10a4d1c43fe2d8eeb38371c98d71217b4
  languageName: node
  linkType: hard

"@jridgewell/resolve-uri@npm:^3.1.0":
  version: 3.1.2
  resolution: "@jridgewell/resolve-uri@npm:3.1.2"
  checksum: 10c0/d502e6fb516b35032331406d4e962c21fe77cdf1cbdb49c6142bcbd9e30507094b18972778a6e27cbad756209cfe34b1a27729e6fa08a2eb92b33943f680cf1e
  languageName: node
  linkType: hard

"@jridgewell/set-array@npm:^1.0.0":
  version: 1.1.2
  resolution: "@jridgewell/set-array@npm:1.1.2"
  checksum: 8/69a84d5980385f396ff60a175f7177af0b8da4ddb81824cb7016a9ef914eee9806c72b6b65942003c63f7983d4f39a5c6c27185bbca88eb4690b62075602e28e
  languageName: node
  linkType: hard

"@jridgewell/set-array@npm:^1.2.1":
  version: 1.2.1
  resolution: "@jridgewell/set-array@npm:1.2.1"
  checksum: 10c0/2a5aa7b4b5c3464c895c802d8ae3f3d2b92fcbe84ad12f8d0bfbb1f5ad006717e7577ee1fd2eac00c088abe486c7adb27976f45d2941ff6b0b92b2c3302c60f4
  languageName: node
  linkType: hard

"@jridgewell/sourcemap-codec@npm:^1.4.10":
  version: 1.4.11
  resolution: "@jridgewell/sourcemap-codec@npm:1.4.11"
  checksum: 8/3b2afaf8400fb07a36db60e901fcce6a746cdec587310ee9035939d89878e57b2dec8173b0b8f63176f647efa352294049a53c49739098eb907ff81fec2547c8
  languageName: node
  linkType: hard

"@jridgewell/sourcemap-codec@npm:^1.4.14":
  version: 1.4.15
  resolution: "@jridgewell/sourcemap-codec@npm:1.4.15"
  checksum: 10c0/0c6b5ae663087558039052a626d2d7ed5208da36cfd707dcc5cea4a07cfc918248403dcb5989a8f7afaf245ce0573b7cc6fd94c4a30453bd10e44d9363940ba5
  languageName: node
  linkType: hard

"@jridgewell/trace-mapping@npm:^0.3.24, @jridgewell/trace-mapping@npm:^0.3.25":
  version: 0.3.25
  resolution: "@jridgewell/trace-mapping@npm:0.3.25"
  dependencies:
    "@jridgewell/resolve-uri": "npm:^3.1.0"
    "@jridgewell/sourcemap-codec": "npm:^1.4.14"
  checksum: 10c0/3d1ce6ebc69df9682a5a8896b414c6537e428a1d68b02fcc8363b04284a8ca0df04d0ee3013132252ab14f2527bc13bea6526a912ecb5658f0e39fd2860b4df4
  languageName: node
  linkType: hard

"@jridgewell/trace-mapping@npm:^0.3.9":
  version: 0.3.13
  resolution: "@jridgewell/trace-mapping@npm:0.3.13"
  dependencies:
    "@jridgewell/resolve-uri": "npm:^3.0.3"
    "@jridgewell/sourcemap-codec": "npm:^1.4.10"
  checksum: 8/e38254e830472248ca10a6ed1ae75af5e8514f0680245a5e7b53bc3c030fd8691d4d3115d80595b45d3badead68269769ed47ecbbdd67db1343a11f05700e75a
  languageName: node
  linkType: hard

"@nicolo-ribaudo/eslint-scope-5-internals@npm:5.1.1-v1":
  version: 5.1.1-v1
  resolution: "@nicolo-ribaudo/eslint-scope-5-internals@npm:5.1.1-v1"
  dependencies:
    eslint-scope: "npm:5.1.1"
  checksum: 8/f2e3b2d6a6e2d9f163ca22105910c9f850dc4897af0aea3ef0a5886b63d8e1ba6505b71c99cb78a3bba24a09557d601eb21c8dede3f3213753fcfef364eb0e57
  languageName: node
  linkType: hard

"@types/estree@npm:^1.0.6":
  version: 1.0.6
  resolution: "@types/estree@npm:1.0.6"
  checksum: 10c0/cdfd751f6f9065442cd40957c07fd80361c962869aa853c1c2fd03e101af8b9389d8ff4955a43a6fcfa223dd387a089937f95be0f3eec21ca527039fd2d9859a
  languageName: node
  linkType: hard

"@types/json-schema@npm:^7.0.15":
  version: 7.0.15
  resolution: "@types/json-schema@npm:7.0.15"
  checksum: 10c0/a996a745e6c5d60292f36731dd41341339d4eeed8180bb09226e5c8d23759067692b1d88e5d91d72ee83dfc00d3aca8e7bd43ea120516c17922cbcb7c3e252db
  languageName: node
  linkType: hard

"acorn-jsx@npm:^5.3.2":
  version: 5.3.2
  resolution: "acorn-jsx@npm:5.3.2"
  peerDependencies:
    acorn: ^6.0.0 || ^7.0.0 || ^8.0.0
  checksum: 8/c3d3b2a89c9a056b205b69530a37b972b404ee46ec8e5b341666f9513d3163e2a4f214a71f4dfc7370f5a9c07472d2fd1c11c91c3f03d093e37637d95da98950
  languageName: node
  linkType: hard

"acorn@npm:^8.12.0":
  version: 8.12.1
  resolution: "acorn@npm:8.12.1"
  bin:
    acorn: bin/acorn
  checksum: 10c0/51fb26cd678f914e13287e886da2d7021f8c2bc0ccc95e03d3e0447ee278dd3b40b9c57dc222acd5881adcf26f3edc40901a4953403232129e3876793cd17386
  languageName: node
  linkType: hard

"acorn@npm:^8.14.0":
  version: 8.14.0
  resolution: "acorn@npm:8.14.0"
  bin:
    acorn: bin/acorn
  checksum: 10c0/6d4ee461a7734b2f48836ee0fbb752903606e576cc100eb49340295129ca0b452f3ba91ddd4424a1d4406a98adfb2ebb6bd0ff4c49d7a0930c10e462719bbfd7
  languageName: node
  linkType: hard

"ajv@npm:^6.12.4":
  version: 6.12.6
  resolution: "ajv@npm:6.12.6"
  dependencies:
    fast-deep-equal: "npm:^3.1.1"
    fast-json-stable-stringify: "npm:^2.0.0"
    json-schema-traverse: "npm:^0.4.1"
    uri-js: "npm:^4.2.2"
  checksum: 8/874972efe5c4202ab0a68379481fbd3d1b5d0a7bd6d3cc21d40d3536ebff3352a2a1fabb632d4fd2cc7fe4cbdcd5ed6782084c9bbf7f32a1536d18f9da5007d4
  languageName: node
  linkType: hard

"ansi-styles@npm:^4.1.0":
  version: 4.3.0
  resolution: "ansi-styles@npm:4.3.0"
  dependencies:
    color-convert: "npm:^2.0.1"
  checksum: 8/513b44c3b2105dd14cc42a19271e80f386466c4be574bccf60b627432f9198571ebf4ab1e4c3ba17347658f4ee1711c163d574248c0c1cdc2d5917a0ad582ec4
  languageName: node
  linkType: hard

"argparse@npm:^2.0.1":
  version: 2.0.1
  resolution: "argparse@npm:2.0.1"
  checksum: 8/83644b56493e89a254bae05702abf3a1101b4fa4d0ca31df1c9985275a5a5bd47b3c27b7fa0b71098d41114d8ca000e6ed90cad764b306f8a503665e4d517ced
  languageName: node
  linkType: hard

"balanced-match@npm:^1.0.0":
  version: 1.0.2
  resolution: "balanced-match@npm:1.0.2"
  checksum: 8/9706c088a283058a8a99e0bf91b0a2f75497f185980d9ffa8b304de1d9e58ebda7c72c07ebf01dadedaac5b2907b2c6f566f660d62bd336c3468e960403b9d65
  languageName: node
  linkType: hard

"brace-expansion@npm:^1.1.7":
  version: 1.1.11
  resolution: "brace-expansion@npm:1.1.11"
  dependencies:
    balanced-match: "npm:^1.0.0"
    concat-map: "npm:0.0.1"
  checksum: 8/faf34a7bb0c3fcf4b59c7808bc5d2a96a40988addf2e7e09dfbb67a2251800e0d14cd2bfc1aa79174f2f5095c54ff27f46fb1289fe2d77dac755b5eb3434cc07
  languageName: node
  linkType: hard

"browserslist@npm:^4.24.0":
  version: 4.24.0
  resolution: "browserslist@npm:4.24.0"
  dependencies:
    caniuse-lite: "npm:^1.0.30001663"
    electron-to-chromium: "npm:^1.5.28"
    node-releases: "npm:^2.0.18"
    update-browserslist-db: "npm:^1.1.0"
  bin:
    browserslist: cli.js
  checksum: 10c0/95e76ad522753c4c470427f6e3c8a4bb5478ff448841e22b3d3e53f89ecaf17b6984666d6c7e715c370f1e7fa0cf684f42e34e554236a8b2fab38ea76b9e4c52
  languageName: node
  linkType: hard

"callsites@npm:^3.0.0":
  version: 3.1.0
  resolution: "callsites@npm:3.1.0"
  checksum: 8/072d17b6abb459c2ba96598918b55868af677154bec7e73d222ef95a8fdb9bbf7dae96a8421085cdad8cd190d86653b5b6dc55a4484f2e5b2e27d5e0c3fc15b3
  languageName: node
  linkType: hard

"caniuse-lite@npm:^1.0.30001663":
  version: 1.0.30001668
  resolution: "caniuse-lite@npm:1.0.30001668"
  checksum: 10c0/247b3200aeec55038f3a11f3e6ab66f656c54d30df7b01d8d447efaba9af96ad3e17128da2ddd42ddc9cb6c286bac65b634a20955b3cc6619be7ca4601fddc8e
  languageName: node
  linkType: hard

"chalk@npm:^4.0.0":
  version: 4.1.2
  resolution: "chalk@npm:4.1.2"
  dependencies:
    ansi-styles: "npm:^4.1.0"
    supports-color: "npm:^7.1.0"
  checksum: 8/fe75c9d5c76a7a98d45495b91b2172fa3b7a09e0cc9370e5c8feb1c567b85c4288e2b3fded7cfdd7359ac28d6b3844feb8b82b8686842e93d23c827c417e83fc
  languageName: node
  linkType: hard

"color-convert@npm:^2.0.1":
  version: 2.0.1
  resolution: "color-convert@npm:2.0.1"
  dependencies:
    color-name: "npm:~1.1.4"
  checksum: 8/79e6bdb9fd479a205c71d89574fccfb22bd9053bd98c6c4d870d65c132e5e904e6034978e55b43d69fcaa7433af2016ee203ce76eeba9cfa554b373e7f7db336
  languageName: node
  linkType: hard

"color-name@npm:~1.1.4":
  version: 1.1.4
  resolution: "color-name@npm:1.1.4"
  checksum: 8/b0445859521eb4021cd0fb0cc1a75cecf67fceecae89b63f62b201cca8d345baf8b952c966862a9d9a2632987d4f6581f0ec8d957dfacece86f0a7919316f610
  languageName: node
  linkType: hard

"concat-map@npm:0.0.1":
  version: 0.0.1
  resolution: "concat-map@npm:0.0.1"
  checksum: 8/902a9f5d8967a3e2faf138d5cb784b9979bad2e6db5357c5b21c568df4ebe62bcb15108af1b2253744844eb964fc023fbd9afbbbb6ddd0bcc204c6fb5b7bf3af
  languageName: node
  linkType: hard

"convert-source-map@npm:^2.0.0":
  version: 2.0.0
  resolution: "convert-source-map@npm:2.0.0"
  checksum: 8/63ae9933be5a2b8d4509daca5124e20c14d023c820258e484e32dc324d34c2754e71297c94a05784064ad27615037ef677e3f0c00469fb55f409d2bb21261035
  languageName: node
  linkType: hard

"cross-spawn@npm:^7.0.5":
  version: 7.0.6
  resolution: "cross-spawn@npm:7.0.6"
  dependencies:
    path-key: "npm:^3.1.0"
    shebang-command: "npm:^2.0.0"
    which: "npm:^2.0.1"
  checksum: 10c0/053ea8b2135caff68a9e81470e845613e374e7309a47731e81639de3eaeb90c3d01af0e0b44d2ab9d50b43467223b88567dfeb3262db942dc063b9976718ffc1
  languageName: node
  linkType: hard

"debug@npm:^4.1.0, debug@npm:^4.3.2":
  version: 4.3.2
  resolution: "debug@npm:4.3.2"
  dependencies:
    ms: "npm:2.1.2"
  peerDependenciesMeta:
    supports-color:
      optional: true
  checksum: 8/820ea160e267e23c953c9ed87e7ad93494d8cda2f7349af5e7e3bb236d23707ee3022f477d5a7d2ee86ef2bf7d60aa9ab22d1f58080d7deb9dccd073585e1e43
  languageName: node
  linkType: hard

"debug@npm:^4.3.1":
  version: 4.3.4
  resolution: "debug@npm:4.3.4"
  dependencies:
    ms: "npm:2.1.2"
  peerDependenciesMeta:
    supports-color:
      optional: true
  checksum: 10c0/cedbec45298dd5c501d01b92b119cd3faebe5438c3917ff11ae1bff86a6c722930ac9c8659792824013168ba6db7c4668225d845c633fbdafbbf902a6389f736
  languageName: node
  linkType: hard

"deep-is@npm:^0.1.3":
  version: 0.1.4
  resolution: "deep-is@npm:0.1.4"
  checksum: 8/edb65dd0d7d1b9c40b2f50219aef30e116cedd6fc79290e740972c132c09106d2e80aa0bc8826673dd5a00222d4179c84b36a790eef63a4c4bca75a37ef90804
  languageName: node
  linkType: hard

"electron-to-chromium@npm:^1.5.28":
  version: 1.5.36
  resolution: "electron-to-chromium@npm:1.5.36"
  checksum: 10c0/cd8d0de7801107f2b2744b5b18641c969a49b0503996cc1a586bb79d893020d0c4e916ac1935603eea65104b4fc1096bc339e0151531dca9e0f0ce0c1882e2d8
  languageName: node
  linkType: hard

"escalade@npm:^3.1.2":
  version: 3.1.2
  resolution: "escalade@npm:3.1.2"
  checksum: 10c0/6b4adafecd0682f3aa1cd1106b8fff30e492c7015b178bc81b2d2f75106dabea6c6d6e8508fc491bd58e597c74abb0e8e2368f943ecb9393d4162e3c2f3cf287
  languageName: node
  linkType: hard

"escape-string-regexp@npm:^4.0.0":
  version: 4.0.0
  resolution: "escape-string-regexp@npm:4.0.0"
  checksum: 8/98b48897d93060f2322108bf29db0feba7dd774be96cd069458d1453347b25ce8682ecc39859d4bca2203cc0ab19c237bcc71755eff49a0f8d90beadeeba5cc5
  languageName: node
  linkType: hard

"eslint-scope@npm:5.1.1":
  version: 5.1.1
  resolution: "eslint-scope@npm:5.1.1"
  dependencies:
    esrecurse: "npm:^4.3.0"
    estraverse: "npm:^4.1.1"
  checksum: 8/47e4b6a3f0cc29c7feedee6c67b225a2da7e155802c6ea13bbef4ac6b9e10c66cd2dcb987867ef176292bf4e64eccc680a49e35e9e9c669f4a02bac17e86abdb
  languageName: node
  linkType: hard

"eslint-scope@npm:^8.2.0":
  version: 8.2.0
  resolution: "eslint-scope@npm:8.2.0"
  dependencies:
    esrecurse: "npm:^4.3.0"
    estraverse: "npm:^5.2.0"
  checksum: 10c0/8d2d58e2136d548ac7e0099b1a90d9fab56f990d86eb518de1247a7066d38c908be2f3df477a79cf60d70b30ba18735d6c6e70e9914dca2ee515a729975d70d6
  languageName: node
  linkType: hard

"eslint-visitor-keys@npm:^2.1.0":
  version: 2.1.0
  resolution: "eslint-visitor-keys@npm:2.1.0"
  checksum: 8/e3081d7dd2611a35f0388bbdc2f5da60b3a3c5b8b6e928daffff7391146b434d691577aa95064c8b7faad0b8a680266bcda0a42439c18c717b80e6718d7e267d
  languageName: node
  linkType: hard

"eslint-visitor-keys@npm:^3.3.0":
  version: 3.3.0
  resolution: "eslint-visitor-keys@npm:3.3.0"
  checksum: 8/d59e68a7c5a6d0146526b0eec16ce87fbf97fe46b8281e0d41384224375c4e52f5ffb9e16d48f4ea50785cde93f766b0c898e31ab89978d88b0e1720fbfb7808
  languageName: node
  linkType: hard

"eslint-visitor-keys@npm:^4.1.0":
  version: 4.1.0
  resolution: "eslint-visitor-keys@npm:4.1.0"
  checksum: 10c0/5483ef114c93a136aa234140d7aa3bd259488dae866d35cb0d0b52e6a158f614760a57256ac8d549acc590a87042cb40f6951815caa821e55dc4fd6ef4c722eb
  languageName: node
  linkType: hard

"eslint-visitor-keys@npm:^4.2.0":
  version: 4.2.0
  resolution: "eslint-visitor-keys@npm:4.2.0"
  checksum: 10c0/2ed81c663b147ca6f578312919483eb040295bbab759e5a371953456c636c5b49a559883e2677112453728d66293c0a4c90ab11cab3428cf02a0236d2e738269
  languageName: node
  linkType: hard

"eslint@npm:9.16.0":
  version: 9.16.0
  resolution: "eslint@npm:9.16.0"
  dependencies:
    "@eslint-community/eslint-utils": "npm:^4.2.0"
    "@eslint-community/regexpp": "npm:^4.12.1"
    "@eslint/config-array": "npm:^0.19.0"
    "@eslint/core": "npm:^0.9.0"
    "@eslint/eslintrc": "npm:^3.2.0"
    "@eslint/js": "npm:9.16.0"
    "@eslint/plugin-kit": "npm:^0.2.3"
    "@humanfs/node": "npm:^0.16.6"
    "@humanwhocodes/module-importer": "npm:^1.0.1"
    "@humanwhocodes/retry": "npm:^0.4.1"
    "@types/estree": "npm:^1.0.6"
    "@types/json-schema": "npm:^7.0.15"
    ajv: "npm:^6.12.4"
    chalk: "npm:^4.0.0"
    cross-spawn: "npm:^7.0.5"
    debug: "npm:^4.3.2"
    escape-string-regexp: "npm:^4.0.0"
    eslint-scope: "npm:^8.2.0"
    eslint-visitor-keys: "npm:^4.2.0"
    espree: "npm:^10.3.0"
    esquery: "npm:^1.5.0"
    esutils: "npm:^2.0.2"
    fast-deep-equal: "npm:^3.1.3"
    file-entry-cache: "npm:^8.0.0"
    find-up: "npm:^5.0.0"
    glob-parent: "npm:^6.0.2"
    ignore: "npm:^5.2.0"
    imurmurhash: "npm:^0.1.4"
    is-glob: "npm:^4.0.0"
    json-stable-stringify-without-jsonify: "npm:^1.0.1"
    lodash.merge: "npm:^4.6.2"
    minimatch: "npm:^3.1.2"
    natural-compare: "npm:^1.4.0"
    optionator: "npm:^0.9.3"
  peerDependencies:
    jiti: "*"
  peerDependenciesMeta:
    jiti:
      optional: true
  bin:
    eslint: bin/eslint.js
  checksum: 10c0/f36d12652c6f20bab8a77375b8ad29a6af030c3840deb0a5f9dd4cee49d68a2d68d7dc73b0c25918df59d83cd686dd5712e11387e696e1f3842e8dde15cd3255
  languageName: node
  linkType: hard

"espree@npm:^10.0.1":
  version: 10.2.0
  resolution: "espree@npm:10.2.0"
  dependencies:
    acorn: "npm:^8.12.0"
    acorn-jsx: "npm:^5.3.2"
    eslint-visitor-keys: "npm:^4.1.0"
  checksum: 10c0/2b6bfb683e7e5ab2e9513949879140898d80a2d9867ea1db6ff5b0256df81722633b60a7523a7c614f05a39aeea159dd09ad2a0e90c0e218732fc016f9086215
  languageName: node
  linkType: hard

"espree@npm:^10.3.0":
  version: 10.3.0
  resolution: "espree@npm:10.3.0"
  dependencies:
    acorn: "npm:^8.14.0"
    acorn-jsx: "npm:^5.3.2"
    eslint-visitor-keys: "npm:^4.2.0"
  checksum: 10c0/272beeaca70d0a1a047d61baff64db04664a33d7cfb5d144f84bc8a5c6194c6c8ebe9cc594093ca53add88baa23e59b01e69e8a0160ab32eac570482e165c462
  languageName: node
  linkType: hard

"esquery@npm:^1.5.0":
  version: 1.6.0
  resolution: "esquery@npm:1.6.0"
  dependencies:
    estraverse: "npm:^5.1.0"
  checksum: 10c0/cb9065ec605f9da7a76ca6dadb0619dfb611e37a81e318732977d90fab50a256b95fee2d925fba7c2f3f0523aa16f91587246693bc09bc34d5a59575fe6e93d2
  languageName: node
  linkType: hard

"esrecurse@npm:^4.3.0":
  version: 4.3.0
  resolution: "esrecurse@npm:4.3.0"
  dependencies:
    estraverse: "npm:^5.2.0"
  checksum: 8/ebc17b1a33c51cef46fdc28b958994b1dc43cd2e86237515cbc3b4e5d2be6a811b2315d0a1a4d9d340b6d2308b15322f5c8291059521cc5f4802f65e7ec32837
  languageName: node
  linkType: hard

"estraverse@npm:^4.1.1":
  version: 4.3.0
  resolution: "estraverse@npm:4.3.0"
  checksum: 8/a6299491f9940bb246124a8d44b7b7a413a8336f5436f9837aaa9330209bd9ee8af7e91a654a3545aee9c54b3308e78ee360cef1d777d37cfef77d2fa33b5827
  languageName: node
  linkType: hard

"estraverse@npm:^5.1.0, estraverse@npm:^5.2.0":
  version: 5.3.0
  resolution: "estraverse@npm:5.3.0"
  checksum: 8/072780882dc8416ad144f8fe199628d2b3e7bbc9989d9ed43795d2c90309a2047e6bc5979d7e2322a341163d22cfad9e21f4110597fe487519697389497e4e2b
  languageName: node
  linkType: hard

"esutils@npm:^2.0.2":
  version: 2.0.3
  resolution: "esutils@npm:2.0.3"
  checksum: 8/22b5b08f74737379a840b8ed2036a5fb35826c709ab000683b092d9054e5c2a82c27818f12604bfc2a9a76b90b6834ef081edbc1c7ae30d1627012e067c6ec87
  languageName: node
  linkType: hard

"fast-deep-equal@npm:^3.1.1, fast-deep-equal@npm:^3.1.3":
  version: 3.1.3
  resolution: "fast-deep-equal@npm:3.1.3"
  checksum: 8/e21a9d8d84f53493b6aa15efc9cfd53dd5b714a1f23f67fb5dc8f574af80df889b3bce25dc081887c6d25457cce704e636395333abad896ccdec03abaf1f3f9d
  languageName: node
  linkType: hard

"fast-json-stable-stringify@npm:^2.0.0":
  version: 2.1.0
  resolution: "fast-json-stable-stringify@npm:2.1.0"
  checksum: 8/b191531e36c607977e5b1c47811158733c34ccb3bfde92c44798929e9b4154884378536d26ad90dfecd32e1ffc09c545d23535ad91b3161a27ddbb8ebe0cbecb
  languageName: node
  linkType: hard

"fast-levenshtein@npm:^2.0.6":
  version: 2.0.6
  resolution: "fast-levenshtein@npm:2.0.6"
  checksum: 8/92cfec0a8dfafd9c7a15fba8f2cc29cd0b62b85f056d99ce448bbcd9f708e18ab2764bda4dd5158364f4145a7c72788538994f0d1787b956ef0d1062b0f7c24c
  languageName: node
  linkType: hard

"file-entry-cache@npm:^8.0.0":
  version: 8.0.0
  resolution: "file-entry-cache@npm:8.0.0"
  dependencies:
    flat-cache: "npm:^4.0.0"
  checksum: 10c0/9e2b5938b1cd9b6d7e3612bdc533afd4ac17b2fc646569e9a8abbf2eb48e5eb8e316bc38815a3ef6a1b456f4107f0d0f055a614ca613e75db6bf9ff4d72c1638
  languageName: node
  linkType: hard

"find-up@npm:^5.0.0":
  version: 5.0.0
  resolution: "find-up@npm:5.0.0"
  dependencies:
    locate-path: "npm:^6.0.0"
    path-exists: "npm:^4.0.0"
  checksum: 8/07955e357348f34660bde7920783204ff5a26ac2cafcaa28bace494027158a97b9f56faaf2d89a6106211a8174db650dd9f503f9c0d526b1202d5554a00b9095
  languageName: node
  linkType: hard

"flat-cache@npm:^4.0.0":
  version: 4.0.1
  resolution: "flat-cache@npm:4.0.1"
  dependencies:
    flatted: "npm:^3.2.9"
    keyv: "npm:^4.5.4"
  checksum: 10c0/2c59d93e9faa2523e4fda6b4ada749bed432cfa28c8e251f33b25795e426a1c6dbada777afb1f74fcfff33934fdbdea921ee738fcc33e71adc9d6eca984a1cfc
  languageName: node
  linkType: hard

"flatted@npm:^3.2.9":
  version: 3.3.1
  resolution: "flatted@npm:3.3.1"
  checksum: 10c0/324166b125ee07d4ca9bcf3a5f98d915d5db4f39d711fba640a3178b959919aae1f7cfd8aabcfef5826ed8aa8a2aa14cc85b2d7d18ff638ddf4ae3df39573eaf
  languageName: node
  linkType: hard

"gensync@npm:^1.0.0-beta.2":
  version: 1.0.0-beta.2
  resolution: "gensync@npm:1.0.0-beta.2"
  checksum: 8/a7437e58c6be12aa6c90f7730eac7fa9833dc78872b4ad2963d2031b00a3367a93f98aec75f9aaac7220848e4026d67a8655e870b24f20a543d103c0d65952ec
  languageName: node
  linkType: hard

"glob-parent@npm:^6.0.2":
  version: 6.0.2
  resolution: "glob-parent@npm:6.0.2"
  dependencies:
    is-glob: "npm:^4.0.3"
  checksum: 8/c13ee97978bef4f55106b71e66428eb1512e71a7466ba49025fc2aec59a5bfb0954d5abd58fc5ee6c9b076eef4e1f6d3375c2e964b88466ca390da4419a786a8
  languageName: node
  linkType: hard

"globals@npm:^11.1.0":
  version: 11.12.0
  resolution: "globals@npm:11.12.0"
  checksum: 8/67051a45eca3db904aee189dfc7cd53c20c7d881679c93f6146ddd4c9f4ab2268e68a919df740d39c71f4445d2b38ee360fc234428baea1dbdfe68bbcb46979e
  languageName: node
  linkType: hard

"globals@npm:^14.0.0":
  version: 14.0.0
  resolution: "globals@npm:14.0.0"
  checksum: 10c0/b96ff42620c9231ad468d4c58ff42afee7777ee1c963013ff8aabe095a451d0ceeb8dcd8ef4cbd64d2538cef45f787a78ba3a9574f4a634438963e334471302d
  languageName: node
  linkType: hard

"has-flag@npm:^4.0.0":
  version: 4.0.0
  resolution: "has-flag@npm:4.0.0"
  checksum: 8/261a1357037ead75e338156b1f9452c016a37dcd3283a972a30d9e4a87441ba372c8b81f818cd0fbcd9c0354b4ae7e18b9e1afa1971164aef6d18c2b6095a8ad
  languageName: node
  linkType: hard

"ignore@npm:^5.2.0":
  version: 5.2.0
  resolution: "ignore@npm:5.2.0"
  checksum: 8/6b1f926792d614f64c6c83da3a1f9c83f6196c2839aa41e1e32dd7b8d174cef2e329d75caabb62cb61ce9dc432f75e67d07d122a037312db7caa73166a1bdb77
  languageName: node
  linkType: hard

"import-fresh@npm:^3.2.1":
  version: 3.3.0
  resolution: "import-fresh@npm:3.3.0"
  dependencies:
    parent-module: "npm:^1.0.0"
    resolve-from: "npm:^4.0.0"
  checksum: 8/2cacfad06e652b1edc50be650f7ec3be08c5e5a6f6d12d035c440a42a8cc028e60a5b99ca08a77ab4d6b1346da7d971915828f33cdab730d3d42f08242d09baa
  languageName: node
  linkType: hard

"imurmurhash@npm:^0.1.4":
  version: 0.1.4
  resolution: "imurmurhash@npm:0.1.4"
  checksum: 8/7cae75c8cd9a50f57dadd77482359f659eaebac0319dd9368bcd1714f55e65badd6929ca58569da2b6494ef13fdd5598cd700b1eba23f8b79c5f19d195a3ecf7
  languageName: node
  linkType: hard

"is-extglob@npm:^2.1.1":
  version: 2.1.1
  resolution: "is-extglob@npm:2.1.1"
  checksum: 8/df033653d06d0eb567461e58a7a8c9f940bd8c22274b94bf7671ab36df5719791aae15eef6d83bbb5e23283967f2f984b8914559d4449efda578c775c4be6f85
  languageName: node
  linkType: hard

"is-glob@npm:^4.0.0, is-glob@npm:^4.0.3":
  version: 4.0.3
  resolution: "is-glob@npm:4.0.3"
  dependencies:
    is-extglob: "npm:^2.1.1"
  checksum: 8/d381c1319fcb69d341cc6e6c7cd588e17cd94722d9a32dbd60660b993c4fb7d0f19438674e68dfec686d09b7c73139c9166b47597f846af387450224a8101ab4
  languageName: node
  linkType: hard

"isexe@npm:^2.0.0":
  version: 2.0.0
  resolution: "isexe@npm:2.0.0"
  checksum: 8/26bf6c5480dda5161c820c5b5c751ae1e766c587b1f951ea3fcfc973bafb7831ae5b54a31a69bd670220e42e99ec154475025a468eae58ea262f813fdc8d1c62
  languageName: node
  linkType: hard

"js-tokens@npm:^4.0.0":
  version: 4.0.0
  resolution: "js-tokens@npm:4.0.0"
  checksum: 8/8a95213a5a77deb6cbe94d86340e8d9ace2b93bc367790b260101d2f36a2eaf4e4e22d9fa9cf459b38af3a32fb4190e638024cf82ec95ef708680e405ea7cc78
  languageName: node
  linkType: hard

"js-yaml@npm:^4.1.0":
  version: 4.1.0
  resolution: "js-yaml@npm:4.1.0"
  dependencies:
    argparse: "npm:^2.0.1"
  bin:
    js-yaml: bin/js-yaml.js
  checksum: 8/c7830dfd456c3ef2c6e355cc5a92e6700ceafa1d14bba54497b34a99f0376cecbb3e9ac14d3e5849b426d5a5140709a66237a8c991c675431271c4ce5504151a
  languageName: node
  linkType: hard

"jsesc@npm:^3.0.2":
  version: 3.0.2
  resolution: "jsesc@npm:3.0.2"
  bin:
    jsesc: bin/jsesc
  checksum: 10c0/ef22148f9e793180b14d8a145ee6f9f60f301abf443288117b4b6c53d0ecd58354898dc506ccbb553a5f7827965cd38bc5fb726575aae93c5e8915e2de8290e1
  languageName: node
  linkType: hard

"json-buffer@npm:3.0.1":
  version: 3.0.1
  resolution: "json-buffer@npm:3.0.1"
  checksum: 10c0/0d1c91569d9588e7eef2b49b59851f297f3ab93c7b35c7c221e288099322be6b562767d11e4821da500f3219542b9afd2e54c5dc573107c1126ed1080f8e96d7
  languageName: node
  linkType: hard

"json-schema-traverse@npm:^0.4.1":
  version: 0.4.1
  resolution: "json-schema-traverse@npm:0.4.1"
  checksum: 8/7486074d3ba247769fda17d5181b345c9fb7d12e0da98b22d1d71a5db9698d8b4bd900a3ec1a4ffdd60846fc2556274a5c894d0c48795f14cb03aeae7b55260b
  languageName: node
  linkType: hard

"json-stable-stringify-without-jsonify@npm:^1.0.1":
  version: 1.0.1
  resolution: "json-stable-stringify-without-jsonify@npm:1.0.1"
  checksum: 8/cff44156ddce9c67c44386ad5cddf91925fe06b1d217f2da9c4910d01f358c6e3989c4d5a02683c7a5667f9727ff05831f7aa8ae66c8ff691c556f0884d49215
  languageName: node
  linkType: hard

"json5@npm:^2.2.3":
  version: 2.2.3
  resolution: "json5@npm:2.2.3"
  bin:
    json5: lib/cli.js
  checksum: 8/2a7436a93393830bce797d4626275152e37e877b265e94ca69c99e3d20c2b9dab021279146a39cdb700e71b2dd32a4cebd1514cd57cee102b1af906ce5040349
  languageName: node
  linkType: hard

"k6-api-tests@workspace:.":
  version: 0.0.0-use.local
  resolution: "k6-api-tests@workspace:."
  dependencies:
    "@babel/core": "npm:7.26.0"
    "@babel/eslint-parser": "npm:7.25.9"
    eslint: "npm:9.16.0"
    prettier: "npm:3.4.2"
  languageName: unknown
  linkType: soft

"keyv@npm:^4.5.4":
  version: 4.5.4
  resolution: "keyv@npm:4.5.4"
  dependencies:
    json-buffer: "npm:3.0.1"
  checksum: 10c0/aa52f3c5e18e16bb6324876bb8b59dd02acf782a4b789c7b2ae21107fab95fab3890ed448d4f8dba80ce05391eeac4bfabb4f02a20221342982f806fa2cf271e
  languageName: node
  linkType: hard

"levn@npm:^0.4.1":
  version: 0.4.1
  resolution: "levn@npm:0.4.1"
  dependencies:
    prelude-ls: "npm:^1.2.1"
    type-check: "npm:~0.4.0"
  checksum: 8/12c5021c859bd0f5248561bf139121f0358285ec545ebf48bb3d346820d5c61a4309535c7f387ed7d84361cf821e124ce346c6b7cef8ee09a67c1473b46d0fc4
  languageName: node
  linkType: hard

"locate-path@npm:^6.0.0":
  version: 6.0.0
  resolution: "locate-path@npm:6.0.0"
  dependencies:
    p-locate: "npm:^5.0.0"
  checksum: 8/72eb661788a0368c099a184c59d2fee760b3831c9c1c33955e8a19ae4a21b4116e53fa736dc086cdeb9fce9f7cc508f2f92d2d3aae516f133e16a2bb59a39f5a
  languageName: node
  linkType: hard

"lodash.merge@npm:^4.6.2":
  version: 4.6.2
  resolution: "lodash.merge@npm:4.6.2"
  checksum: 8/ad580b4bdbb7ca1f7abf7e1bce63a9a0b98e370cf40194b03380a46b4ed799c9573029599caebc1b14e3f24b111aef72b96674a56cfa105e0f5ac70546cdc005
  languageName: node
  linkType: hard

"lru-cache@npm:^5.1.1":
  version: 5.1.1
  resolution: "lru-cache@npm:5.1.1"
  dependencies:
    yallist: "npm:^3.0.2"
  checksum: 8/c154ae1cbb0c2206d1501a0e94df349653c92c8cbb25236d7e85190bcaf4567a03ac6eb43166fabfa36fd35623694da7233e88d9601fbf411a9a481d85dbd2cb
  languageName: node
  linkType: hard

"minimatch@npm:^3.1.2":
  version: 3.1.2
  resolution: "minimatch@npm:3.1.2"
  dependencies:
    brace-expansion: "npm:^1.1.7"
  checksum: 8/c154e566406683e7bcb746e000b84d74465b3a832c45d59912b9b55cd50dee66e5c4b1e5566dba26154040e51672f9aa450a9aef0c97cfc7336b78b7afb9540a
  languageName: node
  linkType: hard

"ms@npm:2.1.2":
  version: 2.1.2
  resolution: "ms@npm:2.1.2"
  checksum: 8/673cdb2c3133eb050c745908d8ce632ed2c02d85640e2edb3ace856a2266a813b30c613569bf3354fdf4ea7d1a1494add3bfa95e2713baa27d0c2c71fc44f58f
  languageName: node
  linkType: hard

"natural-compare@npm:^1.4.0":
  version: 1.4.0
  resolution: "natural-compare@npm:1.4.0"
  checksum: 8/23ad088b08f898fc9b53011d7bb78ec48e79de7627e01ab5518e806033861bef68d5b0cd0e2205c2f36690ac9571ff6bcb05eb777ced2eeda8d4ac5b44592c3d
  languageName: node
  linkType: hard

"node-releases@npm:^2.0.18":
  version: 2.0.18
  resolution: "node-releases@npm:2.0.18"
  checksum: 10c0/786ac9db9d7226339e1dc84bbb42007cb054a346bd9257e6aa154d294f01bc6a6cddb1348fa099f079be6580acbb470e3c048effd5f719325abd0179e566fd27
  languageName: node
  linkType: hard

"optionator@npm:^0.9.3":
  version: 0.9.3
  resolution: "optionator@npm:0.9.3"
  dependencies:
    "@aashutoshrathi/word-wrap": "npm:^1.2.3"
    deep-is: "npm:^0.1.3"
    fast-levenshtein: "npm:^2.0.6"
    levn: "npm:^0.4.1"
    prelude-ls: "npm:^1.2.1"
    type-check: "npm:^0.4.0"
  checksum: 8/09281999441f2fe9c33a5eeab76700795365a061563d66b098923eb719251a42bdbe432790d35064d0816ead9296dbeb1ad51a733edf4167c96bd5d0882e428a
  languageName: node
  linkType: hard

"p-limit@npm:^3.0.2":
  version: 3.1.0
  resolution: "p-limit@npm:3.1.0"
  dependencies:
    yocto-queue: "npm:^0.1.0"
  checksum: 8/7c3690c4dbf62ef625671e20b7bdf1cbc9534e83352a2780f165b0d3ceba21907e77ad63401708145ca4e25bfc51636588d89a8c0aeb715e6c37d1c066430360
  languageName: node
  linkType: hard

"p-locate@npm:^5.0.0":
  version: 5.0.0
  resolution: "p-locate@npm:5.0.0"
  dependencies:
    p-limit: "npm:^3.0.2"
  checksum: 8/1623088f36cf1cbca58e9b61c4e62bf0c60a07af5ae1ca99a720837356b5b6c5ba3eb1b2127e47a06865fee59dd0453cad7cc844cda9d5a62ac1a5a51b7c86d3
  languageName: node
  linkType: hard

"parent-module@npm:^1.0.0":
  version: 1.0.1
  resolution: "parent-module@npm:1.0.1"
  dependencies:
    callsites: "npm:^3.0.0"
  checksum: 8/6ba8b255145cae9470cf5551eb74be2d22281587af787a2626683a6c20fbb464978784661478dd2a3f1dad74d1e802d403e1b03c1a31fab310259eec8ac560ff
  languageName: node
  linkType: hard

"path-exists@npm:^4.0.0":
  version: 4.0.0
  resolution: "path-exists@npm:4.0.0"
  checksum: 8/505807199dfb7c50737b057dd8d351b82c033029ab94cb10a657609e00c1bc53b951cfdbccab8de04c5584d5eff31128ce6afd3db79281874a5ef2adbba55ed1
  languageName: node
  linkType: hard

"path-key@npm:^3.1.0":
  version: 3.1.1
  resolution: "path-key@npm:3.1.1"
  checksum: 8/55cd7a9dd4b343412a8386a743f9c746ef196e57c823d90ca3ab917f90ab9f13dd0ded27252ba49dbdfcab2b091d998bc446f6220cd3cea65db407502a740020
  languageName: node
  linkType: hard

"picocolors@npm:^1.0.0":
  version: 1.0.0
  resolution: "picocolors@npm:1.0.0"
  checksum: 8/a2e8092dd86c8396bdba9f2b5481032848525b3dc295ce9b57896f931e63fc16f79805144321f72976383fc249584672a75cc18d6777c6b757603f372f745981
  languageName: node
  linkType: hard

"picocolors@npm:^1.0.1":
  version: 1.0.1
  resolution: "picocolors@npm:1.0.1"
  checksum: 10c0/c63cdad2bf812ef0d66c8db29583802355d4ca67b9285d846f390cc15c2f6ccb94e8cb7eb6a6e97fc5990a6d3ad4ae42d86c84d3146e667c739a4234ed50d400
  languageName: node
  linkType: hard

"prelude-ls@npm:^1.2.1":
  version: 1.2.1
  resolution: "prelude-ls@npm:1.2.1"
  checksum: 8/cd192ec0d0a8e4c6da3bb80e4f62afe336df3f76271ac6deb0e6a36187133b6073a19e9727a1ff108cd8b9982e4768850d413baa71214dd80c7979617dca827a
  languageName: node
  linkType: hard

"prettier@npm:3.4.2":
  version: 3.4.2
  resolution: "prettier@npm:3.4.2"
  bin:
    prettier: bin/prettier.cjs
  checksum: 10c0/99e076a26ed0aba4ebc043880d0f08bbb8c59a4c6641cdee6cdadf2205bdd87aa1d7823f50c3aea41e015e99878d37c58d7b5f0e663bba0ef047f94e36b96446
  languageName: node
  linkType: hard

"punycode@npm:^2.1.0":
  version: 2.1.1
  resolution: "punycode@npm:2.1.1"
  checksum: 8/823bf443c6dd14f669984dea25757b37993f67e8d94698996064035edd43bed8a5a17a9f12e439c2b35df1078c6bec05a6c86e336209eb1061e8025c481168e8
  languageName: node
  linkType: hard

"resolve-from@npm:^4.0.0":
  version: 4.0.0
  resolution: "resolve-from@npm:4.0.0"
  checksum: 8/f4ba0b8494846a5066328ad33ef8ac173801a51739eb4d63408c847da9a2e1c1de1e6cbbf72699211f3d13f8fc1325648b169bd15eb7da35688e30a5fb0e4a7f
  languageName: node
  linkType: hard

"semver@npm:^6.3.1":
  version: 6.3.1
  resolution: "semver@npm:6.3.1"
  bin:
    semver: bin/semver.js
  checksum: 8/ae47d06de28836adb9d3e25f22a92943477371292d9b665fb023fae278d345d508ca1958232af086d85e0155aee22e313e100971898bbb8d5d89b8b1d4054ca2
  languageName: node
  linkType: hard

"shebang-command@npm:^2.0.0":
  version: 2.0.0
  resolution: "shebang-command@npm:2.0.0"
  dependencies:
    shebang-regex: "npm:^3.0.0"
  checksum: 8/6b52fe87271c12968f6a054e60f6bde5f0f3d2db483a1e5c3e12d657c488a15474121a1d55cd958f6df026a54374ec38a4a963988c213b7570e1d51575cea7fa
  languageName: node
  linkType: hard

"shebang-regex@npm:^3.0.0":
  version: 3.0.0
  resolution: "shebang-regex@npm:3.0.0"
  checksum: 8/1a2bcae50de99034fcd92ad4212d8e01eedf52c7ec7830eedcf886622804fe36884278f2be8be0ea5fde3fd1c23911643a4e0f726c8685b61871c8908af01222
  languageName: node
  linkType: hard

"strip-json-comments@npm:^3.1.1":
  version: 3.1.1
  resolution: "strip-json-comments@npm:3.1.1"
  checksum: 8/492f73e27268f9b1c122733f28ecb0e7e8d8a531a6662efbd08e22cccb3f9475e90a1b82cab06a392f6afae6d2de636f977e231296400d0ec5304ba70f166443
  languageName: node
  linkType: hard

"supports-color@npm:^7.1.0":
  version: 7.2.0
  resolution: "supports-color@npm:7.2.0"
  dependencies:
    has-flag: "npm:^4.0.0"
  checksum: 8/3dda818de06ebbe5b9653e07842d9479f3555ebc77e9a0280caf5a14fb877ffee9ed57007c3b78f5a6324b8dbeec648d9e97a24e2ed9fdb81ddc69ea07100f4a
  languageName: node
  linkType: hard

"type-check@npm:^0.4.0, type-check@npm:~0.4.0":
  version: 0.4.0
  resolution: "type-check@npm:0.4.0"
  dependencies:
    prelude-ls: "npm:^1.2.1"
  checksum: 8/ec688ebfc9c45d0c30412e41ca9c0cdbd704580eb3a9ccf07b9b576094d7b86a012baebc95681999dd38f4f444afd28504cb3a89f2ef16b31d4ab61a0739025a
  languageName: node
  linkType: hard

"update-browserslist-db@npm:^1.1.0":
  version: 1.1.0
  resolution: "update-browserslist-db@npm:1.1.0"
  dependencies:
    escalade: "npm:^3.1.2"
    picocolors: "npm:^1.0.1"
  peerDependencies:
    browserslist: ">= 4.21.0"
  bin:
    update-browserslist-db: cli.js
  checksum: 10c0/a7452de47785842736fb71547651c5bbe5b4dc1e3722ccf48a704b7b34e4dcf633991eaa8e4a6a517ffb738b3252eede3773bef673ef9021baa26b056d63a5b9
  languageName: node
  linkType: hard

"uri-js@npm:^4.2.2":
  version: 4.4.1
  resolution: "uri-js@npm:4.4.1"
  dependencies:
    punycode: "npm:^2.1.0"
  checksum: 8/7167432de6817fe8e9e0c9684f1d2de2bb688c94388f7569f7dbdb1587c9f4ca2a77962f134ec90be0cc4d004c939ff0d05acc9f34a0db39a3c797dada262633
  languageName: node
  linkType: hard

"which@npm:^2.0.1":
  version: 2.0.2
  resolution: "which@npm:2.0.2"
  dependencies:
    isexe: "npm:^2.0.0"
  bin:
    node-which: ./bin/node-which
  checksum: 8/1a5c563d3c1b52d5f893c8b61afe11abc3bab4afac492e8da5bde69d550de701cf9806235f20a47b5c8fa8a1d6a9135841de2596535e998027a54589000e66d1
  languageName: node
  linkType: hard

"yallist@npm:^3.0.2":
  version: 3.1.1
  resolution: "yallist@npm:3.1.1"
  checksum: 8/48f7bb00dc19fc635a13a39fe547f527b10c9290e7b3e836b9a8f1ca04d4d342e85714416b3c2ab74949c9c66f9cebb0473e6bc353b79035356103b47641285d
  languageName: node
  linkType: hard

"yocto-queue@npm:^0.1.0":
  version: 0.1.0
  resolution: "yocto-queue@npm:0.1.0"
  checksum: 8/f77b3d8d00310def622123df93d4ee654fc6a0096182af8bd60679ddcdfb3474c56c6c7190817c84a2785648cdee9d721c0154eb45698c62176c322fb46fc700
  languageName: node
  linkType: hard
